// !$*UTF8*$!
{
	archiveVersion = 1;
	classes = {
	};
	objectVersion = 51;
	objects = {

/* Begin PBXBuildFile section */
		0BA29EBB13879B53920B2172 /* Pods_ChoreMate.framework in Frameworks */ = {isa = PBXBuildFile; fileRef = 4F4BDF2F0005FD07275C1F61 /* Pods_ChoreMate.framework */; };
		3A1ECE5B24BFA34D00B5912A /* CoreServices.framework in Frameworks */ = {isa = PBXBuildFile; fileRef = 3A1ECE5A24BFA34D00B5912A /* CoreServices.framework */; };
		3A2D79E324C0A9C400D2C31B /* TaskChoicePopUpViewController.m in Sources */ = {isa = PBXBuildFile; fileRef = 3A2D79E224C0A9C400D2C31B /* TaskChoicePopUpViewController.m */; };
		3A2D79EB24C0BBE500D2C31B /* OnceTimeTaskViewController.m in Sources */ = {isa = PBXBuildFile; fileRef = 3A2D79EA24C0BBE500D2C31B /* OnceTimeTaskViewController.m */; };
		3A2D79EE24C0D09200D2C31B /* RecurringTaskViewController.m in Sources */ = {isa = PBXBuildFile; fileRef = 3A2D79ED24C0D09200D2C31B /* RecurringTaskViewController.m */; };
		3A2D79F124C0D09F00D2C31B /* RotationalTaskViewController.m in Sources */ = {isa = PBXBuildFile; fileRef = 3A2D79F024C0D09F00D2C31B /* RotationalTaskViewController.m */; };
		3A2D79F424C103B400D2C31B /* AssignmentCell.m in Sources */ = {isa = PBXBuildFile; fileRef = 3A2D79F324C103B400D2C31B /* AssignmentCell.m */; };
		3A95C6B724BD29CD00C906D7 /* HouseholdViewController.m in Sources */ = {isa = PBXBuildFile; fileRef = 3A95C6B624BD29CD00C906D7 /* HouseholdViewController.m */; };
		3A95C6BA24BD29D800C906D7 /* ProfileViewController.m in Sources */ = {isa = PBXBuildFile; fileRef = 3A95C6B924BD29D800C906D7 /* ProfileViewController.m */; };
		3A95C6BD24BD30F000C906D7 /* TheRootViewController.m in Sources */ = {isa = PBXBuildFile; fileRef = 3A95C6BC24BD30F000C906D7 /* TheRootViewController.m */; };
		3A95C6C024BD337400C906D7 /* SideDrawerViewController.m in Sources */ = {isa = PBXBuildFile; fileRef = 3A95C6BF24BD337400C906D7 /* SideDrawerViewController.m */; };
		3A95C6CD24BF6DC100C906D7 /* AudioToolbox.framework in Frameworks */ = {isa = PBXBuildFile; fileRef = 3A95C6CC24BF6DC100C906D7 /* AudioToolbox.framework */; };
		3A95C6CF24BF6DC600C906D7 /* CFNetwork.framework in Frameworks */ = {isa = PBXBuildFile; fileRef = 3A95C6CE24BF6DC600C906D7 /* CFNetwork.framework */; };
		3A95C6D124BF6DCE00C906D7 /* CoreGraphics.framework in Frameworks */ = {isa = PBXBuildFile; fileRef = 3A95C6D024BF6DCE00C906D7 /* CoreGraphics.framework */; };
		3A95C6D324BF6DD800C906D7 /* CoreLocation.framework in Frameworks */ = {isa = PBXBuildFile; fileRef = 3A95C6D224BF6DD800C906D7 /* CoreLocation.framework */; };
		3A95C6D724BF6DF200C906D7 /* QuartzCore.framework in Frameworks */ = {isa = PBXBuildFile; fileRef = 3A95C6D624BF6DF200C906D7 /* QuartzCore.framework */; };
		3A95C6DB24BF6DFE00C906D7 /* SystemConfiguration.framework in Frameworks */ = {isa = PBXBuildFile; fileRef = 3A95C6DA24BF6DFE00C906D7 /* SystemConfiguration.framework */; };
		3AA661BB24BCC3CC00EBA89E /* AppDelegate.m in Sources */ = {isa = PBXBuildFile; fileRef = 3AA661BA24BCC3CC00EBA89E /* AppDelegate.m */; };
		3AA661BE24BCC3CC00EBA89E /* SceneDelegate.m in Sources */ = {isa = PBXBuildFile; fileRef = 3AA661BD24BCC3CC00EBA89E /* SceneDelegate.m */; };
		3AA661C424BCC3CC00EBA89E /* Main.storyboard in Resources */ = {isa = PBXBuildFile; fileRef = 3AA661C224BCC3CC00EBA89E /* Main.storyboard */; };
		3AA661C624BCC3CE00EBA89E /* Assets.xcassets in Resources */ = {isa = PBXBuildFile; fileRef = 3AA661C524BCC3CE00EBA89E /* Assets.xcassets */; };
		3AA661C924BCC3CE00EBA89E /* LaunchScreen.storyboard in Resources */ = {isa = PBXBuildFile; fileRef = 3AA661C724BCC3CE00EBA89E /* LaunchScreen.storyboard */; };
		3AA661CC24BCC3CE00EBA89E /* main.m in Sources */ = {isa = PBXBuildFile; fileRef = 3AA661CB24BCC3CE00EBA89E /* main.m */; };
		3AA661D624BCC3CE00EBA89E /* ChoreMateTests.m in Sources */ = {isa = PBXBuildFile; fileRef = 3AA661D524BCC3CE00EBA89E /* ChoreMateTests.m */; };
		3AA661E124BCC3CE00EBA89E /* ChoreMateUITests.m in Sources */ = {isa = PBXBuildFile; fileRef = 3AA661E024BCC3CE00EBA89E /* ChoreMateUITests.m */; };
		3AA661F424BCCC7500EBA89E /* User.m in Sources */ = {isa = PBXBuildFile; fileRef = 3AA661F324BCCC7500EBA89E /* User.m */; };
		3AA661F724BCCE8400EBA89E /* LoginViewController.m in Sources */ = {isa = PBXBuildFile; fileRef = 3AA661F624BCCE8400EBA89E /* LoginViewController.m */; };
		3AA661FA24BCCE9000EBA89E /* SignUpViewController.m in Sources */ = {isa = PBXBuildFile; fileRef = 3AA661F924BCCE9000EBA89E /* SignUpViewController.m */; };
		3AA661FD24BCF0EC00EBA89E /* Task.m in Sources */ = {isa = PBXBuildFile; fileRef = 3AA661FC24BCF0EC00EBA89E /* Task.m */; };
		3AA6620024BCFF1800EBA89E /* TaskScreenViewController.m in Sources */ = {isa = PBXBuildFile; fileRef = 3AA661FF24BCFF1800EBA89E /* TaskScreenViewController.m */; };
		3AE09FD324C278FE000C3C59 /* TaskTableViewController.m in Sources */ = {isa = PBXBuildFile; fileRef = 3AE09FD224C278FE000C3C59 /* TaskTableViewController.m */; };
		3AE09FD624C5EFE9000C3C59 /* TaskCell.m in Sources */ = {isa = PBXBuildFile; fileRef = 3AE09FD524C5EFE9000C3C59 /* TaskCell.m */; };
		A4D753D915AAFC9326281DD3 /* Pods_ChoreMateTests.framework in Frameworks */ = {isa = PBXBuildFile; fileRef = F8ABD6FFC7352F94315E47B2 /* Pods_ChoreMateTests.framework */; };
		D826715B4B5ADC833890D1C9 /* Pods_ChoreMate_ChoreMateUITests.framework in Frameworks */ = {isa = PBXBuildFile; fileRef = CE6062E7CCD60E1E0F25E822 /* Pods_ChoreMate_ChoreMateUITests.framework */; };
/* End PBXBuildFile section */

/* Begin PBXContainerItemProxy section */
		3AA661D224BCC3CE00EBA89E /* PBXContainerItemProxy */ = {
			isa = PBXContainerItemProxy;
			containerPortal = 3AA661AE24BCC3CC00EBA89E /* Project object */;
			proxyType = 1;
			remoteGlobalIDString = 3AA661B524BCC3CC00EBA89E;
			remoteInfo = ChoreMate;
		};
		3AA661DD24BCC3CE00EBA89E /* PBXContainerItemProxy */ = {
			isa = PBXContainerItemProxy;
			containerPortal = 3AA661AE24BCC3CC00EBA89E /* Project object */;
			proxyType = 1;
			remoteGlobalIDString = 3AA661B524BCC3CC00EBA89E;
			remoteInfo = ChoreMate;
		};
/* End PBXContainerItemProxy section */

/* Begin PBXFileReference section */
		23B66F11622F9DB6C2C3AC39 /* Pods-ChoreMate-ChoreMateUITests.release.xcconfig */ = {isa = PBXFileReference; includeInIndex = 1; lastKnownFileType = text.xcconfig; name = "Pods-ChoreMate-ChoreMateUITests.release.xcconfig"; path = "Target Support Files/Pods-ChoreMate-ChoreMateUITests/Pods-ChoreMate-ChoreMateUITests.release.xcconfig"; sourceTree = "<group>"; };
		334B5F6D1918DEA44C2E2E14 /* Pods-ChoreMateTests.debug.xcconfig */ = {isa = PBXFileReference; includeInIndex = 1; lastKnownFileType = text.xcconfig; name = "Pods-ChoreMateTests.debug.xcconfig"; path = "Target Support Files/Pods-ChoreMateTests/Pods-ChoreMateTests.debug.xcconfig"; sourceTree = "<group>"; };
		3A1ECE5A24BFA34D00B5912A /* CoreServices.framework */ = {isa = PBXFileReference; lastKnownFileType = wrapper.framework; name = CoreServices.framework; path = System/Library/Frameworks/CoreServices.framework; sourceTree = SDKROOT; };
		3A2D79E124C0A9C400D2C31B /* TaskChoicePopUpViewController.h */ = {isa = PBXFileReference; lastKnownFileType = sourcecode.c.h; path = TaskChoicePopUpViewController.h; sourceTree = "<group>"; };
		3A2D79E224C0A9C400D2C31B /* TaskChoicePopUpViewController.m */ = {isa = PBXFileReference; lastKnownFileType = sourcecode.c.objc; path = TaskChoicePopUpViewController.m; sourceTree = "<group>"; };
		3A2D79E924C0BBE500D2C31B /* OnceTimeTaskViewController.h */ = {isa = PBXFileReference; lastKnownFileType = sourcecode.c.h; path = OnceTimeTaskViewController.h; sourceTree = "<group>"; };
		3A2D79EA24C0BBE500D2C31B /* OnceTimeTaskViewController.m */ = {isa = PBXFileReference; lastKnownFileType = sourcecode.c.objc; path = OnceTimeTaskViewController.m; sourceTree = "<group>"; };
		3A2D79EC24C0D09200D2C31B /* RecurringTaskViewController.h */ = {isa = PBXFileReference; lastKnownFileType = sourcecode.c.h; path = RecurringTaskViewController.h; sourceTree = "<group>"; };
		3A2D79ED24C0D09200D2C31B /* RecurringTaskViewController.m */ = {isa = PBXFileReference; lastKnownFileType = sourcecode.c.objc; path = RecurringTaskViewController.m; sourceTree = "<group>"; };
		3A2D79EF24C0D09F00D2C31B /* RotationalTaskViewController.h */ = {isa = PBXFileReference; lastKnownFileType = sourcecode.c.h; path = RotationalTaskViewController.h; sourceTree = "<group>"; };
		3A2D79F024C0D09F00D2C31B /* RotationalTaskViewController.m */ = {isa = PBXFileReference; lastKnownFileType = sourcecode.c.objc; path = RotationalTaskViewController.m; sourceTree = "<group>"; };
		3A2D79F224C103B400D2C31B /* AssignmentCell.h */ = {isa = PBXFileReference; lastKnownFileType = sourcecode.c.h; name = AssignmentCell.h; path = "ChoreMate/Controllers/Task Creation/AssignmentCell.h"; sourceTree = SOURCE_ROOT; };
		3A2D79F324C103B400D2C31B /* AssignmentCell.m */ = {isa = PBXFileReference; lastKnownFileType = sourcecode.c.objc; name = AssignmentCell.m; path = "ChoreMate/Controllers/Task Creation/AssignmentCell.m"; sourceTree = SOURCE_ROOT; };
		3A95C6B524BD29CD00C906D7 /* HouseholdViewController.h */ = {isa = PBXFileReference; lastKnownFileType = sourcecode.c.h; path = HouseholdViewController.h; sourceTree = "<group>"; };
		3A95C6B624BD29CD00C906D7 /* HouseholdViewController.m */ = {isa = PBXFileReference; lastKnownFileType = sourcecode.c.objc; path = HouseholdViewController.m; sourceTree = "<group>"; };
		3A95C6B824BD29D800C906D7 /* ProfileViewController.h */ = {isa = PBXFileReference; lastKnownFileType = sourcecode.c.h; path = ProfileViewController.h; sourceTree = "<group>"; };
		3A95C6B924BD29D800C906D7 /* ProfileViewController.m */ = {isa = PBXFileReference; lastKnownFileType = sourcecode.c.objc; path = ProfileViewController.m; sourceTree = "<group>"; };
		3A95C6BB24BD30F000C906D7 /* TheRootViewController.h */ = {isa = PBXFileReference; lastKnownFileType = sourcecode.c.h; path = TheRootViewController.h; sourceTree = "<group>"; };
		3A95C6BC24BD30F000C906D7 /* TheRootViewController.m */ = {isa = PBXFileReference; lastKnownFileType = sourcecode.c.objc; path = TheRootViewController.m; sourceTree = "<group>"; };
		3A95C6BE24BD337400C906D7 /* SideDrawerViewController.h */ = {isa = PBXFileReference; lastKnownFileType = sourcecode.c.h; path = SideDrawerViewController.h; sourceTree = "<group>"; };
		3A95C6BF24BD337400C906D7 /* SideDrawerViewController.m */ = {isa = PBXFileReference; lastKnownFileType = sourcecode.c.objc; path = SideDrawerViewController.m; sourceTree = "<group>"; };
		3A95C6C124BE482900C906D7 /* ChoreMate.entitlements */ = {isa = PBXFileReference; lastKnownFileType = text.plist.entitlements; path = ChoreMate.entitlements; sourceTree = "<group>"; };
		3A95C6C824BF6D9900C906D7 /* Parse.framework */ = {isa = PBXFileReference; lastKnownFileType = wrapper.framework; name = Parse.framework; path = "../../Library/Developer/Xcode/DerivedData/ChoreMate-fciilxxtscanrjdatodjrmmzsfde/Build/Products/Debug-iphonesimulator/Parse/Parse.framework"; sourceTree = "<group>"; };
		3A95C6CC24BF6DC100C906D7 /* AudioToolbox.framework */ = {isa = PBXFileReference; lastKnownFileType = wrapper.framework; name = AudioToolbox.framework; path = System/Library/Frameworks/AudioToolbox.framework; sourceTree = SDKROOT; };
		3A95C6CE24BF6DC600C906D7 /* CFNetwork.framework */ = {isa = PBXFileReference; lastKnownFileType = wrapper.framework; name = CFNetwork.framework; path = System/Library/Frameworks/CFNetwork.framework; sourceTree = SDKROOT; };
		3A95C6D024BF6DCE00C906D7 /* CoreGraphics.framework */ = {isa = PBXFileReference; lastKnownFileType = wrapper.framework; name = CoreGraphics.framework; path = System/Library/Frameworks/CoreGraphics.framework; sourceTree = SDKROOT; };
		3A95C6D224BF6DD800C906D7 /* CoreLocation.framework */ = {isa = PBXFileReference; lastKnownFileType = wrapper.framework; name = CoreLocation.framework; path = System/Library/Frameworks/CoreLocation.framework; sourceTree = SDKROOT; };
		3A95C6D424BF6DEB00C906D7 /* MobileCoreServices.framework */ = {isa = PBXFileReference; lastKnownFileType = wrapper.framework; name = MobileCoreServices.framework; path = System/Library/Frameworks/MobileCoreServices.framework; sourceTree = SDKROOT; };
		3A95C6D624BF6DF200C906D7 /* QuartzCore.framework */ = {isa = PBXFileReference; lastKnownFileType = wrapper.framework; name = QuartzCore.framework; path = System/Library/Frameworks/QuartzCore.framework; sourceTree = SDKROOT; };
		3A95C6DA24BF6DFE00C906D7 /* SystemConfiguration.framework */ = {isa = PBXFileReference; lastKnownFileType = wrapper.framework; name = SystemConfiguration.framework; path = System/Library/Frameworks/SystemConfiguration.framework; sourceTree = SDKROOT; };
		3AA661B624BCC3CC00EBA89E /* ChoreMate.app */ = {isa = PBXFileReference; explicitFileType = wrapper.application; includeInIndex = 0; path = ChoreMate.app; sourceTree = BUILT_PRODUCTS_DIR; };
		3AA661B924BCC3CC00EBA89E /* AppDelegate.h */ = {isa = PBXFileReference; lastKnownFileType = sourcecode.c.h; path = AppDelegate.h; sourceTree = "<group>"; };
		3AA661BA24BCC3CC00EBA89E /* AppDelegate.m */ = {isa = PBXFileReference; lastKnownFileType = sourcecode.c.objc; path = AppDelegate.m; sourceTree = "<group>"; };
		3AA661BC24BCC3CC00EBA89E /* SceneDelegate.h */ = {isa = PBXFileReference; lastKnownFileType = sourcecode.c.h; path = SceneDelegate.h; sourceTree = "<group>"; };
		3AA661BD24BCC3CC00EBA89E /* SceneDelegate.m */ = {isa = PBXFileReference; lastKnownFileType = sourcecode.c.objc; path = SceneDelegate.m; sourceTree = "<group>"; };
		3AA661C324BCC3CC00EBA89E /* Base */ = {isa = PBXFileReference; lastKnownFileType = file.storyboard; name = Base; path = Base.lproj/Main.storyboard; sourceTree = "<group>"; };
		3AA661C524BCC3CE00EBA89E /* Assets.xcassets */ = {isa = PBXFileReference; lastKnownFileType = folder.assetcatalog; path = Assets.xcassets; sourceTree = "<group>"; };
		3AA661C824BCC3CE00EBA89E /* Base */ = {isa = PBXFileReference; lastKnownFileType = file.storyboard; name = Base; path = Base.lproj/LaunchScreen.storyboard; sourceTree = "<group>"; };
		3AA661CA24BCC3CE00EBA89E /* Info.plist */ = {isa = PBXFileReference; lastKnownFileType = text.plist.xml; path = Info.plist; sourceTree = "<group>"; };
		3AA661CB24BCC3CE00EBA89E /* main.m */ = {isa = PBXFileReference; lastKnownFileType = sourcecode.c.objc; path = main.m; sourceTree = "<group>"; };
		3AA661D124BCC3CE00EBA89E /* ChoreMateTests.xctest */ = {isa = PBXFileReference; explicitFileType = wrapper.cfbundle; includeInIndex = 0; path = ChoreMateTests.xctest; sourceTree = BUILT_PRODUCTS_DIR; };
		3AA661D524BCC3CE00EBA89E /* ChoreMateTests.m */ = {isa = PBXFileReference; lastKnownFileType = sourcecode.c.objc; path = ChoreMateTests.m; sourceTree = "<group>"; };
		3AA661D724BCC3CE00EBA89E /* Info.plist */ = {isa = PBXFileReference; lastKnownFileType = text.plist.xml; path = Info.plist; sourceTree = "<group>"; };
		3AA661DC24BCC3CE00EBA89E /* ChoreMateUITests.xctest */ = {isa = PBXFileReference; explicitFileType = wrapper.cfbundle; includeInIndex = 0; path = ChoreMateUITests.xctest; sourceTree = BUILT_PRODUCTS_DIR; };
		3AA661E024BCC3CE00EBA89E /* ChoreMateUITests.m */ = {isa = PBXFileReference; lastKnownFileType = sourcecode.c.objc; path = ChoreMateUITests.m; sourceTree = "<group>"; };
		3AA661E224BCC3CE00EBA89E /* Info.plist */ = {isa = PBXFileReference; lastKnownFileType = text.plist.xml; path = Info.plist; sourceTree = "<group>"; };
		3AA661F224BCCC7500EBA89E /* User.h */ = {isa = PBXFileReference; lastKnownFileType = sourcecode.c.h; path = User.h; sourceTree = "<group>"; };
		3AA661F324BCCC7500EBA89E /* User.m */ = {isa = PBXFileReference; lastKnownFileType = sourcecode.c.objc; path = User.m; sourceTree = "<group>"; };
		3AA661F524BCCE8400EBA89E /* LoginViewController.h */ = {isa = PBXFileReference; lastKnownFileType = sourcecode.c.h; path = LoginViewController.h; sourceTree = "<group>"; };
		3AA661F624BCCE8400EBA89E /* LoginViewController.m */ = {isa = PBXFileReference; lastKnownFileType = sourcecode.c.objc; path = LoginViewController.m; sourceTree = "<group>"; };
		3AA661F824BCCE9000EBA89E /* SignUpViewController.h */ = {isa = PBXFileReference; lastKnownFileType = sourcecode.c.h; path = SignUpViewController.h; sourceTree = "<group>"; };
		3AA661F924BCCE9000EBA89E /* SignUpViewController.m */ = {isa = PBXFileReference; lastKnownFileType = sourcecode.c.objc; path = SignUpViewController.m; sourceTree = "<group>"; };
		3AA661FB24BCF0EC00EBA89E /* Task.h */ = {isa = PBXFileReference; lastKnownFileType = sourcecode.c.h; path = Task.h; sourceTree = "<group>"; };
		3AA661FC24BCF0EC00EBA89E /* Task.m */ = {isa = PBXFileReference; lastKnownFileType = sourcecode.c.objc; path = Task.m; sourceTree = "<group>"; };
		3AA661FE24BCFF1800EBA89E /* TaskScreenViewController.h */ = {isa = PBXFileReference; lastKnownFileType = sourcecode.c.h; path = TaskScreenViewController.h; sourceTree = "<group>"; };
		3AA661FF24BCFF1800EBA89E /* TaskScreenViewController.m */ = {isa = PBXFileReference; lastKnownFileType = sourcecode.c.objc; path = TaskScreenViewController.m; sourceTree = "<group>"; };
		3AE09FD124C278FE000C3C59 /* TaskTableViewController.h */ = {isa = PBXFileReference; lastKnownFileType = sourcecode.c.h; path = TaskTableViewController.h; sourceTree = "<group>"; };
		3AE09FD224C278FE000C3C59 /* TaskTableViewController.m */ = {isa = PBXFileReference; lastKnownFileType = sourcecode.c.objc; path = TaskTableViewController.m; sourceTree = "<group>"; };
		3AE09FD424C5EFE9000C3C59 /* TaskCell.h */ = {isa = PBXFileReference; lastKnownFileType = sourcecode.c.h; name = TaskCell.h; path = ChoreMate/Controllers/TaskCell.h; sourceTree = SOURCE_ROOT; };
		3AE09FD524C5EFE9000C3C59 /* TaskCell.m */ = {isa = PBXFileReference; lastKnownFileType = sourcecode.c.objc; name = TaskCell.m; path = ChoreMate/Controllers/TaskCell.m; sourceTree = SOURCE_ROOT; };
		4254BD712506FF58415CD045 /* Pods-ChoreMateTests.release.xcconfig */ = {isa = PBXFileReference; includeInIndex = 1; lastKnownFileType = text.xcconfig; name = "Pods-ChoreMateTests.release.xcconfig"; path = "Target Support Files/Pods-ChoreMateTests/Pods-ChoreMateTests.release.xcconfig"; sourceTree = "<group>"; };
		4F4BDF2F0005FD07275C1F61 /* Pods_ChoreMate.framework */ = {isa = PBXFileReference; explicitFileType = wrapper.framework; includeInIndex = 0; path = Pods_ChoreMate.framework; sourceTree = BUILT_PRODUCTS_DIR; };
		971AA37EA7C439CB3CC8BF98 /* Pods-ChoreMate-ChoreMateUITests.debug.xcconfig */ = {isa = PBXFileReference; includeInIndex = 1; lastKnownFileType = text.xcconfig; name = "Pods-ChoreMate-ChoreMateUITests.debug.xcconfig"; path = "Target Support Files/Pods-ChoreMate-ChoreMateUITests/Pods-ChoreMate-ChoreMateUITests.debug.xcconfig"; sourceTree = "<group>"; };
		A7466DACB5719F0C841EDAE2 /* Pods-ChoreMate.release.xcconfig */ = {isa = PBXFileReference; includeInIndex = 1; lastKnownFileType = text.xcconfig; name = "Pods-ChoreMate.release.xcconfig"; path = "Target Support Files/Pods-ChoreMate/Pods-ChoreMate.release.xcconfig"; sourceTree = "<group>"; };
		B4E09230E3A97F310E463E7B /* Pods-ChoreMate.debug.xcconfig */ = {isa = PBXFileReference; includeInIndex = 1; lastKnownFileType = text.xcconfig; name = "Pods-ChoreMate.debug.xcconfig"; path = "Target Support Files/Pods-ChoreMate/Pods-ChoreMate.debug.xcconfig"; sourceTree = "<group>"; };
		CE6062E7CCD60E1E0F25E822 /* Pods_ChoreMate_ChoreMateUITests.framework */ = {isa = PBXFileReference; explicitFileType = wrapper.framework; includeInIndex = 0; path = Pods_ChoreMate_ChoreMateUITests.framework; sourceTree = BUILT_PRODUCTS_DIR; };
		F8ABD6FFC7352F94315E47B2 /* Pods_ChoreMateTests.framework */ = {isa = PBXFileReference; explicitFileType = wrapper.framework; includeInIndex = 0; path = Pods_ChoreMateTests.framework; sourceTree = BUILT_PRODUCTS_DIR; };
/* End PBXFileReference section */

/* Begin PBXFrameworksBuildPhase section */
		3AA661B324BCC3CC00EBA89E /* Frameworks */ = {
			isa = PBXFrameworksBuildPhase;
			buildActionMask = 2147483647;
			files = (
				3A95C6DB24BF6DFE00C906D7 /* SystemConfiguration.framework in Frameworks */,
				3A95C6D724BF6DF200C906D7 /* QuartzCore.framework in Frameworks */,
				3A95C6D324BF6DD800C906D7 /* CoreLocation.framework in Frameworks */,
				3A1ECE5B24BFA34D00B5912A /* CoreServices.framework in Frameworks */,
				3A95C6D124BF6DCE00C906D7 /* CoreGraphics.framework in Frameworks */,
				3A95C6CF24BF6DC600C906D7 /* CFNetwork.framework in Frameworks */,
				3A95C6CD24BF6DC100C906D7 /* AudioToolbox.framework in Frameworks */,
				0BA29EBB13879B53920B2172 /* Pods_ChoreMate.framework in Frameworks */,
			);
			runOnlyForDeploymentPostprocessing = 0;
		};
		3AA661CE24BCC3CE00EBA89E /* Frameworks */ = {
			isa = PBXFrameworksBuildPhase;
			buildActionMask = 2147483647;
			files = (
				A4D753D915AAFC9326281DD3 /* Pods_ChoreMateTests.framework in Frameworks */,
			);
			runOnlyForDeploymentPostprocessing = 0;
		};
		3AA661D924BCC3CE00EBA89E /* Frameworks */ = {
			isa = PBXFrameworksBuildPhase;
			buildActionMask = 2147483647;
			files = (
				D826715B4B5ADC833890D1C9 /* Pods_ChoreMate_ChoreMateUITests.framework in Frameworks */,
			);
			runOnlyForDeploymentPostprocessing = 0;
		};
/* End PBXFrameworksBuildPhase section */

/* Begin PBXGroup section */
		3A2D79E424C0BA4A00D2C31B /* PopUp */ = {
			isa = PBXGroup;
			children = (
				3A2D79E124C0A9C400D2C31B /* TaskChoicePopUpViewController.h */,
				3A2D79E224C0A9C400D2C31B /* TaskChoicePopUpViewController.m */,
			);
			path = PopUp;
			sourceTree = "<group>";
		};
		3A2D79E624C0BA6300D2C31B /* Side Drawers */ = {
			isa = PBXGroup;
			children = (
				3A95C6BB24BD30F000C906D7 /* TheRootViewController.h */,
				3A95C6BC24BD30F000C906D7 /* TheRootViewController.m */,
				3A95C6BE24BD337400C906D7 /* SideDrawerViewController.h */,
				3A95C6BF24BD337400C906D7 /* SideDrawerViewController.m */,
			);
			path = "Side Drawers";
			sourceTree = "<group>";
		};
		3A2D79E824C0BBBF00D2C31B /* Task Creation */ = {
			isa = PBXGroup;
			children = (
				3A2D79E924C0BBE500D2C31B /* OnceTimeTaskViewController.h */,
				3A2D79EA24C0BBE500D2C31B /* OnceTimeTaskViewController.m */,
				3A2D79EC24C0D09200D2C31B /* RecurringTaskViewController.h */,
				3A2D79ED24C0D09200D2C31B /* RecurringTaskViewController.m */,
				3A2D79EF24C0D09F00D2C31B /* RotationalTaskViewController.h */,
				3A2D79F024C0D09F00D2C31B /* RotationalTaskViewController.m */,
			);
			path = "Task Creation";
			sourceTree = "<group>";
		};
		3AA661AD24BCC3CC00EBA89E = {
			isa = PBXGroup;
			children = (
				3AA661B824BCC3CC00EBA89E /* ChoreMate */,
				3AA661D424BCC3CE00EBA89E /* ChoreMateTests */,
				3AA661DF24BCC3CE00EBA89E /* ChoreMateUITests */,
				3AA661B724BCC3CC00EBA89E /* Products */,
				DA53182DC6BFAAE83A1BC992 /* Pods */,
				AF6971EC3DF7B6305776A7D7 /* Frameworks */,
			);
			sourceTree = "<group>";
		};
		3AA661B724BCC3CC00EBA89E /* Products */ = {
			isa = PBXGroup;
			children = (
				3AA661B624BCC3CC00EBA89E /* ChoreMate.app */,
				3AA661D124BCC3CE00EBA89E /* ChoreMateTests.xctest */,
				3AA661DC24BCC3CE00EBA89E /* ChoreMateUITests.xctest */,
			);
			name = Products;
			sourceTree = "<group>";
		};
		3AA661B824BCC3CC00EBA89E /* ChoreMate */ = {
			isa = PBXGroup;
			children = (
				3A95C6C124BE482900C906D7 /* ChoreMate.entitlements */,
				3AA661F124BCC3F100EBA89E /* Controllers */,
				3AA661F024BCC3EB00EBA89E /* Models */,
				3AA661EF24BCC3E500EBA89E /* Views */,
				3AA661EE24BCC3DE00EBA89E /* API */,
				3AA661B924BCC3CC00EBA89E /* AppDelegate.h */,
				3AA661BA24BCC3CC00EBA89E /* AppDelegate.m */,
				3AA661BC24BCC3CC00EBA89E /* SceneDelegate.h */,
				3AA661BD24BCC3CC00EBA89E /* SceneDelegate.m */,
				3AA661C224BCC3CC00EBA89E /* Main.storyboard */,
				3AA661C524BCC3CE00EBA89E /* Assets.xcassets */,
				3AA661C724BCC3CE00EBA89E /* LaunchScreen.storyboard */,
				3AA661CA24BCC3CE00EBA89E /* Info.plist */,
				3AA661CB24BCC3CE00EBA89E /* main.m */,
			);
			path = ChoreMate;
			sourceTree = "<group>";
		};
		3AA661D424BCC3CE00EBA89E /* ChoreMateTests */ = {
			isa = PBXGroup;
			children = (
				3AA661D524BCC3CE00EBA89E /* ChoreMateTests.m */,
				3AA661D724BCC3CE00EBA89E /* Info.plist */,
			);
			path = ChoreMateTests;
			sourceTree = "<group>";
		};
		3AA661DF24BCC3CE00EBA89E /* ChoreMateUITests */ = {
			isa = PBXGroup;
			children = (
				3AA661E024BCC3CE00EBA89E /* ChoreMateUITests.m */,
				3AA661E224BCC3CE00EBA89E /* Info.plist */,
			);
			path = ChoreMateUITests;
			sourceTree = "<group>";
		};
		3AA661EE24BCC3DE00EBA89E /* API */ = {
			isa = PBXGroup;
			children = (
			);
			path = API;
			sourceTree = "<group>";
		};
		3AA661EF24BCC3E500EBA89E /* Views */ = {
			isa = PBXGroup;
			children = (
				3A2D79F224C103B400D2C31B /* AssignmentCell.h */,
				3A2D79F324C103B400D2C31B /* AssignmentCell.m */,
				3AE09FD424C5EFE9000C3C59 /* TaskCell.h */,
				3AE09FD524C5EFE9000C3C59 /* TaskCell.m */,
			);
			path = Views;
			sourceTree = "<group>";
		};
		3AA661F024BCC3EB00EBA89E /* Models */ = {
			isa = PBXGroup;
			children = (
				3AA661F224BCCC7500EBA89E /* User.h */,
				3AA661F324BCCC7500EBA89E /* User.m */,
				3AA661FB24BCF0EC00EBA89E /* Task.h */,
				3AA661FC24BCF0EC00EBA89E /* Task.m */,
			);
			path = Models;
			sourceTree = "<group>";
		};
		3AA661F124BCC3F100EBA89E /* Controllers */ = {
			isa = PBXGroup;
			children = (
				3A2D79E824C0BBBF00D2C31B /* Task Creation */,
				3A2D79E624C0BA6300D2C31B /* Side Drawers */,
				3A2D79E424C0BA4A00D2C31B /* PopUp */,
				3AA661F524BCCE8400EBA89E /* LoginViewController.h */,
				3AA661F624BCCE8400EBA89E /* LoginViewController.m */,
				3AA661F824BCCE9000EBA89E /* SignUpViewController.h */,
				3AA661F924BCCE9000EBA89E /* SignUpViewController.m */,
				3AA661FE24BCFF1800EBA89E /* TaskScreenViewController.h */,
				3AA661FF24BCFF1800EBA89E /* TaskScreenViewController.m */,
				3A95C6B524BD29CD00C906D7 /* HouseholdViewController.h */,
				3A95C6B624BD29CD00C906D7 /* HouseholdViewController.m */,
				3A95C6B824BD29D800C906D7 /* ProfileViewController.h */,
				3A95C6B924BD29D800C906D7 /* ProfileViewController.m */,
				3AE09FD124C278FE000C3C59 /* TaskTableViewController.h */,
				3AE09FD224C278FE000C3C59 /* TaskTableViewController.m */,
			);
			path = Controllers;
			sourceTree = "<group>";
		};
		AF6971EC3DF7B6305776A7D7 /* Frameworks */ = {
			isa = PBXGroup;
			children = (
				3A1ECE5A24BFA34D00B5912A /* CoreServices.framework */,
				3A95C6DA24BF6DFE00C906D7 /* SystemConfiguration.framework */,
				3A95C6D624BF6DF200C906D7 /* QuartzCore.framework */,
				3A95C6D424BF6DEB00C906D7 /* MobileCoreServices.framework */,
				3A95C6D224BF6DD800C906D7 /* CoreLocation.framework */,
				3A95C6D024BF6DCE00C906D7 /* CoreGraphics.framework */,
				3A95C6CE24BF6DC600C906D7 /* CFNetwork.framework */,
				3A95C6CC24BF6DC100C906D7 /* AudioToolbox.framework */,
				3A95C6C824BF6D9900C906D7 /* Parse.framework */,
				4F4BDF2F0005FD07275C1F61 /* Pods_ChoreMate.framework */,
				CE6062E7CCD60E1E0F25E822 /* Pods_ChoreMate_ChoreMateUITests.framework */,
				F8ABD6FFC7352F94315E47B2 /* Pods_ChoreMateTests.framework */,
			);
			name = Frameworks;
			sourceTree = "<group>";
		};
		DA53182DC6BFAAE83A1BC992 /* Pods */ = {
			isa = PBXGroup;
			children = (
				B4E09230E3A97F310E463E7B /* Pods-ChoreMate.debug.xcconfig */,
				A7466DACB5719F0C841EDAE2 /* Pods-ChoreMate.release.xcconfig */,
				971AA37EA7C439CB3CC8BF98 /* Pods-ChoreMate-ChoreMateUITests.debug.xcconfig */,
				23B66F11622F9DB6C2C3AC39 /* Pods-ChoreMate-ChoreMateUITests.release.xcconfig */,
				334B5F6D1918DEA44C2E2E14 /* Pods-ChoreMateTests.debug.xcconfig */,
				4254BD712506FF58415CD045 /* Pods-ChoreMateTests.release.xcconfig */,
			);
			path = Pods;
			sourceTree = "<group>";
		};
/* End PBXGroup section */

/* Begin PBXNativeTarget section */
		3AA661B524BCC3CC00EBA89E /* ChoreMate */ = {
			isa = PBXNativeTarget;
			buildConfigurationList = 3AA661E524BCC3CE00EBA89E /* Build configuration list for PBXNativeTarget "ChoreMate" */;
			buildPhases = (
				79BB75C556289770C531F0D0 /* [CP] Check Pods Manifest.lock */,
				3AA661B224BCC3CC00EBA89E /* Sources */,
				3AA661B324BCC3CC00EBA89E /* Frameworks */,
				3AA661B424BCC3CC00EBA89E /* Resources */,
				7F47C9095CA51E08EAD7E5B5 /* [CP] Embed Pods Frameworks */,
			);
			buildRules = (
			);
			dependencies = (
			);
			name = ChoreMate;
			productName = ChoreMate;
			productReference = 3AA661B624BCC3CC00EBA89E /* ChoreMate.app */;
			productType = "com.apple.product-type.application";
		};
		3AA661D024BCC3CE00EBA89E /* ChoreMateTests */ = {
			isa = PBXNativeTarget;
			buildConfigurationList = 3AA661E824BCC3CE00EBA89E /* Build configuration list for PBXNativeTarget "ChoreMateTests" */;
			buildPhases = (
				836CA841F2B5BCD0709EA309 /* [CP] Check Pods Manifest.lock */,
				3AA661CD24BCC3CE00EBA89E /* Sources */,
				3AA661CE24BCC3CE00EBA89E /* Frameworks */,
				3AA661CF24BCC3CE00EBA89E /* Resources */,
			);
			buildRules = (
			);
			dependencies = (
				3AA661D324BCC3CE00EBA89E /* PBXTargetDependency */,
			);
			name = ChoreMateTests;
			productName = ChoreMateTests;
			productReference = 3AA661D124BCC3CE00EBA89E /* ChoreMateTests.xctest */;
			productType = "com.apple.product-type.bundle.unit-test";
		};
		3AA661DB24BCC3CE00EBA89E /* ChoreMateUITests */ = {
			isa = PBXNativeTarget;
			buildConfigurationList = 3AA661EB24BCC3CE00EBA89E /* Build configuration list for PBXNativeTarget "ChoreMateUITests" */;
			buildPhases = (
				9930CE804DBA8BF832331A84 /* [CP] Check Pods Manifest.lock */,
				3AA661D824BCC3CE00EBA89E /* Sources */,
				3AA661D924BCC3CE00EBA89E /* Frameworks */,
				3AA661DA24BCC3CE00EBA89E /* Resources */,
				A34902A0C0218BC3CF043B61 /* [CP] Embed Pods Frameworks */,
			);
			buildRules = (
			);
			dependencies = (
				3AA661DE24BCC3CE00EBA89E /* PBXTargetDependency */,
			);
			name = ChoreMateUITests;
			productName = ChoreMateUITests;
			productReference = 3AA661DC24BCC3CE00EBA89E /* ChoreMateUITests.xctest */;
			productType = "com.apple.product-type.bundle.ui-testing";
		};
/* End PBXNativeTarget section */

/* Begin PBXProject section */
		3AA661AE24BCC3CC00EBA89E /* Project object */ = {
			isa = PBXProject;
			attributes = {
				LastUpgradeCheck = 1150;
				ORGANIZATIONNAME = jazgill;
				TargetAttributes = {
					3AA661B524BCC3CC00EBA89E = {
						CreatedOnToolsVersion = 11.5;
					};
					3AA661D024BCC3CE00EBA89E = {
						CreatedOnToolsVersion = 11.5;
						TestTargetID = 3AA661B524BCC3CC00EBA89E;
					};
					3AA661DB24BCC3CE00EBA89E = {
						CreatedOnToolsVersion = 11.5;
						TestTargetID = 3AA661B524BCC3CC00EBA89E;
					};
				};
			};
			buildConfigurationList = 3AA661B124BCC3CC00EBA89E /* Build configuration list for PBXProject "ChoreMate" */;
			compatibilityVersion = "Xcode 9.3";
			developmentRegion = en;
			hasScannedForEncodings = 0;
			knownRegions = (
				en,
				Base,
			);
			mainGroup = 3AA661AD24BCC3CC00EBA89E;
			productRefGroup = 3AA661B724BCC3CC00EBA89E /* Products */;
			projectDirPath = "";
			projectRoot = "";
			targets = (
				3AA661B524BCC3CC00EBA89E /* ChoreMate */,
				3AA661D024BCC3CE00EBA89E /* ChoreMateTests */,
				3AA661DB24BCC3CE00EBA89E /* ChoreMateUITests */,
			);
		};
/* End PBXProject section */

/* Begin PBXResourcesBuildPhase section */
		3AA661B424BCC3CC00EBA89E /* Resources */ = {
			isa = PBXResourcesBuildPhase;
			buildActionMask = 2147483647;
			files = (
				3AA661C924BCC3CE00EBA89E /* LaunchScreen.storyboard in Resources */,
				3AA661C624BCC3CE00EBA89E /* Assets.xcassets in Resources */,
				3AA661C424BCC3CC00EBA89E /* Main.storyboard in Resources */,
			);
			runOnlyForDeploymentPostprocessing = 0;
		};
		3AA661CF24BCC3CE00EBA89E /* Resources */ = {
			isa = PBXResourcesBuildPhase;
			buildActionMask = 2147483647;
			files = (
			);
			runOnlyForDeploymentPostprocessing = 0;
		};
		3AA661DA24BCC3CE00EBA89E /* Resources */ = {
			isa = PBXResourcesBuildPhase;
			buildActionMask = 2147483647;
			files = (
			);
			runOnlyForDeploymentPostprocessing = 0;
		};
/* End PBXResourcesBuildPhase section */

/* Begin PBXShellScriptBuildPhase section */
		79BB75C556289770C531F0D0 /* [CP] Check Pods Manifest.lock */ = {
			isa = PBXShellScriptBuildPhase;
			buildActionMask = 2147483647;
			files = (
			);
			inputFileListPaths = (
			);
			inputPaths = (
				"${PODS_PODFILE_DIR_PATH}/Podfile.lock",
				"${PODS_ROOT}/Manifest.lock",
			);
			name = "[CP] Check Pods Manifest.lock";
			outputFileListPaths = (
			);
			outputPaths = (
				"$(DERIVED_FILE_DIR)/Pods-ChoreMate-checkManifestLockResult.txt",
			);
			runOnlyForDeploymentPostprocessing = 0;
			shellPath = /bin/sh;
			shellScript = "diff \"${PODS_PODFILE_DIR_PATH}/Podfile.lock\" \"${PODS_ROOT}/Manifest.lock\" > /dev/null\nif [ $? != 0 ] ; then\n    # print error to STDERR\n    echo \"error: The sandbox is not in sync with the Podfile.lock. Run 'pod install' or update your CocoaPods installation.\" >&2\n    exit 1\nfi\n# This output is used by Xcode 'outputs' to avoid re-running this script phase.\necho \"SUCCESS\" > \"${SCRIPT_OUTPUT_FILE_0}\"\n";
			showEnvVarsInLog = 0;
		};
		7F47C9095CA51E08EAD7E5B5 /* [CP] Embed Pods Frameworks */ = {
			isa = PBXShellScriptBuildPhase;
			buildActionMask = 2147483647;
			files = (
			);
			inputFileListPaths = (
				"${PODS_ROOT}/Target Support Files/Pods-ChoreMate/Pods-ChoreMate-frameworks-${CONFIGURATION}-input-files.xcfilelist",
			);
			name = "[CP] Embed Pods Frameworks";
			outputFileListPaths = (
				"${PODS_ROOT}/Target Support Files/Pods-ChoreMate/Pods-ChoreMate-frameworks-${CONFIGURATION}-output-files.xcfilelist",
			);
			runOnlyForDeploymentPostprocessing = 0;
			shellPath = /bin/sh;
			shellScript = "\"${PODS_ROOT}/Target Support Files/Pods-ChoreMate/Pods-ChoreMate-frameworks.sh\"\n";
			showEnvVarsInLog = 0;
		};
		836CA841F2B5BCD0709EA309 /* [CP] Check Pods Manifest.lock */ = {
			isa = PBXShellScriptBuildPhase;
			buildActionMask = 2147483647;
			files = (
			);
			inputFileListPaths = (
			);
			inputPaths = (
				"${PODS_PODFILE_DIR_PATH}/Podfile.lock",
				"${PODS_ROOT}/Manifest.lock",
			);
			name = "[CP] Check Pods Manifest.lock";
			outputFileListPaths = (
			);
			outputPaths = (
				"$(DERIVED_FILE_DIR)/Pods-ChoreMateTests-checkManifestLockResult.txt",
			);
			runOnlyForDeploymentPostprocessing = 0;
			shellPath = /bin/sh;
			shellScript = "diff \"${PODS_PODFILE_DIR_PATH}/Podfile.lock\" \"${PODS_ROOT}/Manifest.lock\" > /dev/null\nif [ $? != 0 ] ; then\n    # print error to STDERR\n    echo \"error: The sandbox is not in sync with the Podfile.lock. Run 'pod install' or update your CocoaPods installation.\" >&2\n    exit 1\nfi\n# This output is used by Xcode 'outputs' to avoid re-running this script phase.\necho \"SUCCESS\" > \"${SCRIPT_OUTPUT_FILE_0}\"\n";
			showEnvVarsInLog = 0;
		};
		9930CE804DBA8BF832331A84 /* [CP] Check Pods Manifest.lock */ = {
			isa = PBXShellScriptBuildPhase;
			buildActionMask = 2147483647;
			files = (
			);
			inputFileListPaths = (
			);
			inputPaths = (
				"${PODS_PODFILE_DIR_PATH}/Podfile.lock",
				"${PODS_ROOT}/Manifest.lock",
			);
			name = "[CP] Check Pods Manifest.lock";
			outputFileListPaths = (
			);
			outputPaths = (
				"$(DERIVED_FILE_DIR)/Pods-ChoreMate-ChoreMateUITests-checkManifestLockResult.txt",
			);
			runOnlyForDeploymentPostprocessing = 0;
			shellPath = /bin/sh;
			shellScript = "diff \"${PODS_PODFILE_DIR_PATH}/Podfile.lock\" \"${PODS_ROOT}/Manifest.lock\" > /dev/null\nif [ $? != 0 ] ; then\n    # print error to STDERR\n    echo \"error: The sandbox is not in sync with the Podfile.lock. Run 'pod install' or update your CocoaPods installation.\" >&2\n    exit 1\nfi\n# This output is used by Xcode 'outputs' to avoid re-running this script phase.\necho \"SUCCESS\" > \"${SCRIPT_OUTPUT_FILE_0}\"\n";
			showEnvVarsInLog = 0;
		};
		A34902A0C0218BC3CF043B61 /* [CP] Embed Pods Frameworks */ = {
			isa = PBXShellScriptBuildPhase;
			buildActionMask = 2147483647;
			files = (
			);
			inputFileListPaths = (
				"${PODS_ROOT}/Target Support Files/Pods-ChoreMate-ChoreMateUITests/Pods-ChoreMate-ChoreMateUITests-frameworks-${CONFIGURATION}-input-files.xcfilelist",
			);
			name = "[CP] Embed Pods Frameworks";
			outputFileListPaths = (
				"${PODS_ROOT}/Target Support Files/Pods-ChoreMate-ChoreMateUITests/Pods-ChoreMate-ChoreMateUITests-frameworks-${CONFIGURATION}-output-files.xcfilelist",
			);
			runOnlyForDeploymentPostprocessing = 0;
			shellPath = /bin/sh;
			shellScript = "\"${PODS_ROOT}/Target Support Files/Pods-ChoreMate-ChoreMateUITests/Pods-ChoreMate-ChoreMateUITests-frameworks.sh\"\n";
			showEnvVarsInLog = 0;
		};
/* End PBXShellScriptBuildPhase section */

/* Begin PBXSourcesBuildPhase section */
		3AA661B224BCC3CC00EBA89E /* Sources */ = {
			isa = PBXSourcesBuildPhase;
			buildActionMask = 2147483647;
			files = (
				3A2D79EE24C0D09200D2C31B /* RecurringTaskViewController.m in Sources */,
				3AA661FD24BCF0EC00EBA89E /* Task.m in Sources */,
				3A95C6BD24BD30F000C906D7 /* TheRootViewController.m in Sources */,
				3AA661F424BCCC7500EBA89E /* User.m in Sources */,
				3A2D79EB24C0BBE500D2C31B /* OnceTimeTaskViewController.m in Sources */,
				3AA661BB24BCC3CC00EBA89E /* AppDelegate.m in Sources */,
				3AA661FA24BCCE9000EBA89E /* SignUpViewController.m in Sources */,
				3A95C6BA24BD29D800C906D7 /* ProfileViewController.m in Sources */,
				3AE09FD324C278FE000C3C59 /* TaskTableViewController.m in Sources */,
				3AE09FD624C5EFE9000C3C59 /* TaskCell.m in Sources */,
				3A2D79F424C103B400D2C31B /* AssignmentCell.m in Sources */,
				3A2D79F124C0D09F00D2C31B /* RotationalTaskViewController.m in Sources */,
				3AA661CC24BCC3CE00EBA89E /* main.m in Sources */,
				3A95C6B724BD29CD00C906D7 /* HouseholdViewController.m in Sources */,
				3A2D79E324C0A9C400D2C31B /* TaskChoicePopUpViewController.m in Sources */,
				3AA661BE24BCC3CC00EBA89E /* SceneDelegate.m in Sources */,
				3AA661F724BCCE8400EBA89E /* LoginViewController.m in Sources */,
				3A95C6C024BD337400C906D7 /* SideDrawerViewController.m in Sources */,
				3AA6620024BCFF1800EBA89E /* TaskScreenViewController.m in Sources */,
			);
			runOnlyForDeploymentPostprocessing = 0;
		};
		3AA661CD24BCC3CE00EBA89E /* Sources */ = {
			isa = PBXSourcesBuildPhase;
			buildActionMask = 2147483647;
			files = (
				3AA661D624BCC3CE00EBA89E /* ChoreMateTests.m in Sources */,
			);
			runOnlyForDeploymentPostprocessing = 0;
		};
		3AA661D824BCC3CE00EBA89E /* Sources */ = {
			isa = PBXSourcesBuildPhase;
			buildActionMask = 2147483647;
			files = (
				3AA661E124BCC3CE00EBA89E /* ChoreMateUITests.m in Sources */,
			);
			runOnlyForDeploymentPostprocessing = 0;
		};
/* End PBXSourcesBuildPhase section */

/* Begin PBXTargetDependency section */
		3AA661D324BCC3CE00EBA89E /* PBXTargetDependency */ = {
			isa = PBXTargetDependency;
			target = 3AA661B524BCC3CC00EBA89E /* ChoreMate */;
			targetProxy = 3AA661D224BCC3CE00EBA89E /* PBXContainerItemProxy */;
		};
		3AA661DE24BCC3CE00EBA89E /* PBXTargetDependency */ = {
			isa = PBXTargetDependency;
			target = 3AA661B524BCC3CC00EBA89E /* ChoreMate */;
			targetProxy = 3AA661DD24BCC3CE00EBA89E /* PBXContainerItemProxy */;
		};
/* End PBXTargetDependency section */

/* Begin PBXVariantGroup section */
		3AA661C224BCC3CC00EBA89E /* Main.storyboard */ = {
			isa = PBXVariantGroup;
			children = (
				3AA661C324BCC3CC00EBA89E /* Base */,
			);
			name = Main.storyboard;
			sourceTree = "<group>";
		};
		3AA661C724BCC3CE00EBA89E /* LaunchScreen.storyboard */ = {
			isa = PBXVariantGroup;
			children = (
				3AA661C824BCC3CE00EBA89E /* Base */,
			);
			name = LaunchScreen.storyboard;
			sourceTree = "<group>";
		};
/* End PBXVariantGroup section */

/* Begin XCBuildConfiguration section */
		3AA661E324BCC3CE00EBA89E /* Debug */ = {
			isa = XCBuildConfiguration;
			buildSettings = {
				ALWAYS_SEARCH_USER_PATHS = NO;
				CLANG_ANALYZER_NONNULL = YES;
				CLANG_ANALYZER_NUMBER_OBJECT_CONVERSION = YES_AGGRESSIVE;
				CLANG_CXX_LANGUAGE_STANDARD = "gnu++14";
				CLANG_CXX_LIBRARY = "libc++";
				CLANG_ENABLE_MODULES = YES;
				CLANG_ENABLE_OBJC_ARC = YES;
				CLANG_ENABLE_OBJC_WEAK = YES;
				CLANG_WARN_BLOCK_CAPTURE_AUTORELEASING = YES;
				CLANG_WARN_BOOL_CONVERSION = YES;
				CLANG_WARN_COMMA = YES;
				CLANG_WARN_CONSTANT_CONVERSION = YES;
				CLANG_WARN_DEPRECATED_OBJC_IMPLEMENTATIONS = YES;
				CLANG_WARN_DIRECT_OBJC_ISA_USAGE = YES_ERROR;
				CLANG_WARN_DOCUMENTATION_COMMENTS = YES;
				CLANG_WARN_EMPTY_BODY = YES;
				CLANG_WARN_ENUM_CONVERSION = YES;
				CLANG_WARN_INFINITE_RECURSION = YES;
				CLANG_WARN_INT_CONVERSION = YES;
				CLANG_WARN_NON_LITERAL_NULL_CONVERSION = YES;
				CLANG_WARN_OBJC_IMPLICIT_RETAIN_SELF = YES;
				CLANG_WARN_OBJC_LITERAL_CONVERSION = YES;
				CLANG_WARN_OBJC_ROOT_CLASS = YES_ERROR;
				CLANG_WARN_RANGE_LOOP_ANALYSIS = YES;
				CLANG_WARN_STRICT_PROTOTYPES = YES;
				CLANG_WARN_SUSPICIOUS_MOVE = YES;
				CLANG_WARN_UNGUARDED_AVAILABILITY = YES_AGGRESSIVE;
				CLANG_WARN_UNREACHABLE_CODE = YES;
				CLANG_WARN__DUPLICATE_METHOD_MATCH = YES;
				COPY_PHASE_STRIP = NO;
				DEBUG_INFORMATION_FORMAT = dwarf;
				ENABLE_STRICT_OBJC_MSGSEND = YES;
				ENABLE_TESTABILITY = YES;
				GCC_C_LANGUAGE_STANDARD = gnu11;
				GCC_DYNAMIC_NO_PIC = NO;
				GCC_NO_COMMON_BLOCKS = YES;
				GCC_OPTIMIZATION_LEVEL = 0;
				GCC_PREPROCESSOR_DEFINITIONS = (
					"DEBUG=1",
					"$(inherited)",
				);
				GCC_WARN_64_TO_32_BIT_CONVERSION = YES;
				GCC_WARN_ABOUT_RETURN_TYPE = YES_ERROR;
				GCC_WARN_UNDECLARED_SELECTOR = YES;
				GCC_WARN_UNINITIALIZED_AUTOS = YES_AGGRESSIVE;
				GCC_WARN_UNUSED_FUNCTION = YES;
				GCC_WARN_UNUSED_VARIABLE = YES;
				IPHONEOS_DEPLOYMENT_TARGET = 13.5;
				MTL_ENABLE_DEBUG_INFO = INCLUDE_SOURCE;
				MTL_FAST_MATH = YES;
				ONLY_ACTIVE_ARCH = YES;
				SDKROOT = iphoneos;
			};
			name = Debug;
		};
		3AA661E424BCC3CE00EBA89E /* Release */ = {
			isa = XCBuildConfiguration;
			buildSettings = {
				ALWAYS_SEARCH_USER_PATHS = NO;
				CLANG_ANALYZER_NONNULL = YES;
				CLANG_ANALYZER_NUMBER_OBJECT_CONVERSION = YES_AGGRESSIVE;
				CLANG_CXX_LANGUAGE_STANDARD = "gnu++14";
				CLANG_CXX_LIBRARY = "libc++";
				CLANG_ENABLE_MODULES = YES;
				CLANG_ENABLE_OBJC_ARC = YES;
				CLANG_ENABLE_OBJC_WEAK = YES;
				CLANG_WARN_BLOCK_CAPTURE_AUTORELEASING = YES;
				CLANG_WARN_BOOL_CONVERSION = YES;
				CLANG_WARN_COMMA = YES;
				CLANG_WARN_CONSTANT_CONVERSION = YES;
				CLANG_WARN_DEPRECATED_OBJC_IMPLEMENTATIONS = YES;
				CLANG_WARN_DIRECT_OBJC_ISA_USAGE = YES_ERROR;
				CLANG_WARN_DOCUMENTATION_COMMENTS = YES;
				CLANG_WARN_EMPTY_BODY = YES;
				CLANG_WARN_ENUM_CONVERSION = YES;
				CLANG_WARN_INFINITE_RECURSION = YES;
				CLANG_WARN_INT_CONVERSION = YES;
				CLANG_WARN_NON_LITERAL_NULL_CONVERSION = YES;
				CLANG_WARN_OBJC_IMPLICIT_RETAIN_SELF = YES;
				CLANG_WARN_OBJC_LITERAL_CONVERSION = YES;
				CLANG_WARN_OBJC_ROOT_CLASS = YES_ERROR;
				CLANG_WARN_RANGE_LOOP_ANALYSIS = YES;
				CLANG_WARN_STRICT_PROTOTYPES = YES;
				CLANG_WARN_SUSPICIOUS_MOVE = YES;
				CLANG_WARN_UNGUARDED_AVAILABILITY = YES_AGGRESSIVE;
				CLANG_WARN_UNREACHABLE_CODE = YES;
				CLANG_WARN__DUPLICATE_METHOD_MATCH = YES;
				COPY_PHASE_STRIP = NO;
				DEBUG_INFORMATION_FORMAT = "dwarf-with-dsym";
				ENABLE_NS_ASSERTIONS = NO;
				ENABLE_STRICT_OBJC_MSGSEND = YES;
				GCC_C_LANGUAGE_STANDARD = gnu11;
				GCC_NO_COMMON_BLOCKS = YES;
				GCC_WARN_64_TO_32_BIT_CONVERSION = YES;
				GCC_WARN_ABOUT_RETURN_TYPE = YES_ERROR;
				GCC_WARN_UNDECLARED_SELECTOR = YES;
				GCC_WARN_UNINITIALIZED_AUTOS = YES_AGGRESSIVE;
				GCC_WARN_UNUSED_FUNCTION = YES;
				GCC_WARN_UNUSED_VARIABLE = YES;
				IPHONEOS_DEPLOYMENT_TARGET = 13.5;
				MTL_ENABLE_DEBUG_INFO = NO;
				MTL_FAST_MATH = YES;
				SDKROOT = iphoneos;
				VALIDATE_PRODUCT = YES;
			};
			name = Release;
		};
		3AA661E624BCC3CE00EBA89E /* Debug */ = {
			isa = XCBuildConfiguration;
			baseConfigurationReference = B4E09230E3A97F310E463E7B /* Pods-ChoreMate.debug.xcconfig */;
			buildSettings = {
				ASSETCATALOG_COMPILER_APPICON_NAME = AppIcon;
				CODE_SIGN_ENTITLEMENTS = ChoreMate/ChoreMate.entitlements;
				CODE_SIGN_STYLE = Manual;
				DEVELOPMENT_TEAM = "";
				INFOPLIST_FILE = ChoreMate/Info.plist;
				LD_RUNPATH_SEARCH_PATHS = (
					"$(inherited)",
					"@executable_path/Frameworks",
				);
				PRODUCT_BUNDLE_IDENTIFIER = com.jazgill.ChoreMate;
				PRODUCT_NAME = "$(TARGET_NAME)";
				PROVISIONING_PROFILE_SPECIFIER = "";
				TARGETED_DEVICE_FAMILY = "1,2";
			};
			name = Debug;
		};
		3AA661E724BCC3CE00EBA89E /* Release */ = {
			isa = XCBuildConfiguration;
			baseConfigurationReference = A7466DACB5719F0C841EDAE2 /* Pods-ChoreMate.release.xcconfig */;
			buildSettings = {
				ASSETCATALOG_COMPILER_APPICON_NAME = AppIcon;
				CODE_SIGN_ENTITLEMENTS = ChoreMate/ChoreMate.entitlements;
				CODE_SIGN_STYLE = Manual;
				DEVELOPMENT_TEAM = "";
				INFOPLIST_FILE = ChoreMate/Info.plist;
				LD_RUNPATH_SEARCH_PATHS = (
					"$(inherited)",
					"@executable_path/Frameworks",
				);
				PRODUCT_BUNDLE_IDENTIFIER = com.jazgill.ChoreMate;
				PRODUCT_NAME = "$(TARGET_NAME)";
				PROVISIONING_PROFILE_SPECIFIER = "";
				TARGETED_DEVICE_FAMILY = "1,2";
			};
			name = Release;
		};
		3AA661E924BCC3CE00EBA89E /* Debug */ = {
			isa = XCBuildConfiguration;
			baseConfigurationReference = 334B5F6D1918DEA44C2E2E14 /* Pods-ChoreMateTests.debug.xcconfig */;
			buildSettings = {
				BUNDLE_LOADER = "$(TEST_HOST)";
				CODE_SIGN_STYLE = Automatic;
				INFOPLIST_FILE = ChoreMateTests/Info.plist;
				IPHONEOS_DEPLOYMENT_TARGET = 13.5;
				LD_RUNPATH_SEARCH_PATHS = (
					"$(inherited)",
					"@executable_path/Frameworks",
					"@loader_path/Frameworks",
				);
				PRODUCT_BUNDLE_IDENTIFIER = com.jazgill.ChoreMateTests;
				PRODUCT_NAME = "$(TARGET_NAME)";
				TARGETED_DEVICE_FAMILY = "1,2";
				TEST_HOST = "$(BUILT_PRODUCTS_DIR)/ChoreMate.app/ChoreMate";
			};
			name = Debug;
		};
		3AA661EA24BCC3CE00EBA89E /* Release */ = {
			isa = XCBuildConfiguration;
			baseConfigurationReference = 4254BD712506FF58415CD045 /* Pods-ChoreMateTests.release.xcconfig */;
			buildSettings = {
				BUNDLE_LOADER = "$(TEST_HOST)";
				CODE_SIGN_STYLE = Automatic;
				INFOPLIST_FILE = ChoreMateTests/Info.plist;
				IPHONEOS_DEPLOYMENT_TARGET = 13.5;
				LD_RUNPATH_SEARCH_PATHS = (
					"$(inherited)",
					"@executable_path/Frameworks",
					"@loader_path/Frameworks",
				);
				PRODUCT_BUNDLE_IDENTIFIER = com.jazgill.ChoreMateTests;
				PRODUCT_NAME = "$(TARGET_NAME)";
				TARGETED_DEVICE_FAMILY = "1,2";
				TEST_HOST = "$(BUILT_PRODUCTS_DIR)/ChoreMate.app/ChoreMate";
			};
			name = Release;
		};
		3AA661EC24BCC3CE00EBA89E /* Debug */ = {
			isa = XCBuildConfiguration;
			baseConfigurationReference = 971AA37EA7C439CB3CC8BF98 /* Pods-ChoreMate-ChoreMateUITests.debug.xcconfig */;
			buildSettings = {
				CODE_SIGN_STYLE = Automatic;
				INFOPLIST_FILE = ChoreMateUITests/Info.plist;
				LD_RUNPATH_SEARCH_PATHS = (
					"$(inherited)",
					"@executable_path/Frameworks",
					"@loader_path/Frameworks",
				);
				PRODUCT_BUNDLE_IDENTIFIER = com.jazgill.ChoreMateUITests;
				PRODUCT_NAME = "$(TARGET_NAME)";
				TARGETED_DEVICE_FAMILY = "1,2";
				TEST_TARGET_NAME = ChoreMate;
			};
			name = Debug;
		};
		3AA661ED24BCC3CE00EBA89E /* Release */ = {
			isa = XCBuildConfiguration;
			baseConfigurationReference = 23B66F11622F9DB6C2C3AC39 /* Pods-ChoreMate-ChoreMateUITests.release.xcconfig */;
			buildSettings = {
				CODE_SIGN_STYLE = Automatic;
				INFOPLIST_FILE = ChoreMateUITests/Info.plist;
				LD_RUNPATH_SEARCH_PATHS = (
					"$(inherited)",
					"@executable_path/Frameworks",
					"@loader_path/Frameworks",
				);
				PRODUCT_BUNDLE_IDENTIFIER = com.jazgill.ChoreMateUITests;
				PRODUCT_NAME = "$(TARGET_NAME)";
				TARGETED_DEVICE_FAMILY = "1,2";
				TEST_TARGET_NAME = ChoreMate;
			};
			name = Release;
		};
/* End XCBuildConfiguration section */

/* Begin XCConfigurationList section */
		3AA661B124BCC3CC00EBA89E /* Build configuration list for PBXProject "ChoreMate" */ = {
			isa = XCConfigurationList;
			buildConfigurations = (
				3AA661E324BCC3CE00EBA89E /* Debug */,
				3AA661E424BCC3CE00EBA89E /* Release */,
			);
			defaultConfigurationIsVisible = 0;
			defaultConfigurationName = Release;
		};
		3AA661E524BCC3CE00EBA89E /* Build configuration list for PBXNativeTarget "ChoreMate" */ = {
			isa = XCConfigurationList;
			buildConfigurations = (
				3AA661E624BCC3CE00EBA89E /* Debug */,
				3AA661E724BCC3CE00EBA89E /* Release */,
			);
			defaultConfigurationIsVisible = 0;
			defaultConfigurationName = Release;
		};
		3AA661E824BCC3CE00EBA89E /* Build configuration list for PBXNativeTarget "ChoreMateTests" */ = {
			isa = XCConfigurationList;
			buildConfigurations = (
				3AA661E924BCC3CE00EBA89E /* Debug */,
				3AA661EA24BCC3CE00EBA89E /* Release */,
			);
			defaultConfigurationIsVisible = 0;
			defaultConfigurationName = Release;
		};
		3AA661EB24BCC3CE00EBA89E /* Build configuration list for PBXNativeTarget "ChoreMateUITests" */ = {
			isa = XCConfigurationList;
			buildConfigurations = (
				3AA661EC24BCC3CE00EBA89E /* Debug */,
				3AA661ED24BCC3CE00EBA89E /* Release */,
			);
			defaultConfigurationIsVisible = 0;
			defaultConfigurationName = Release;
		};
/* End XCConfigurationList section */
	};
	rootObject = 3AA661AE24BCC3CC00EBA89E /* Project object */;
}
